Microsoft Visual Studio Solution File, Format Version 12.00
# Visual Studio Version 17
VisualStudioVersion = 17.5.2.0
MinimumVisualStudioVersion = 10.0.40219.1
Project("{FAE04EC0-301F-11D3-BF4B-00C04F79EFBC}") = "daytwo", "daytwo.csproj", "{95FF3688-23DF-90C8-37CF-EFBB4EC976BA}"
EndProject
Global
	GlobalSection(SolutionConfigurationPlatforms) = preSolution
		Debug|Any CPU = Debug|Any CPU
		Release|Any CPU = Release|Any CPU
	EndGlobalSection
	GlobalSection(ProjectConfigurationPlatforms) = postSolution
		{95FF3688-23DF-90C8-37CF-EFBB4EC976BA}.Debug|Any CPU.ActiveCfg = Debug|Any CPU
		{95FF3688-23DF-90C8-37CF-EFBB4EC976BA}.Debug|Any CPU.Build.0 = Debug|Any CPU
		{95FF3688-23DF-90C8-37CF-EFBB4EC976BA}.Release|Any CPU.ActiveCfg = Release|Any CPU
		{95FF3688-23DF-90C8-37CF-EFBB4EC976BA}.Release|Any CPU.Build.0 = Release|Any CPU
	EndGlobalSection
	GlobalSection(SolutionProperties) = preSolution
		HideSolutionNode = FALSE
	EndGlobalSection
	GlobalSection(ExtensibilityGlobals) = postSolution
		SolutionGuid = {62492499-2899-4F6F-8CD1-DAFB3209E51F}
	EndGlobalSection
EndGlobal
